
Microsoft Visual Studio Solution File, Format Version 12.00
# Visual Studio 15
VisualStudioVersion = 15.0.27428.2005
MinimumVisualStudioVersion = 10.0.40219.1
Project("{FAE04EC0-301F-11D3-BF4B-00C04F79EFBC}") = "Csharp공부", "Csharp공부\Csharp공부.csproj", "{BDAEF258-FC6A-4DE2-B613-61644EE6681E}"
EndProject
Global
	GlobalSection(SolutionConfigurationPlatforms) = preSolution
		Debug|Any CPU = Debug|Any CPU
		Release|Any CPU = Release|Any CPU
	EndGlobalSection
	GlobalSection(ProjectConfigurationPlatforms) = postSolution
		{BDAEF258-FC6A-4DE2-B613-61644EE6681E}.Debug|Any CPU.ActiveCfg = Debug|Any CPU
		{BDAEF258-FC6A-4DE2-B613-61644EE6681E}.Debug|Any CPU.Build.0 = Debug|Any CPU
		{BDAEF258-FC6A-4DE2-B613-61644EE6681E}.Release|Any CPU.ActiveCfg = Release|Any CPU
		{BDAEF258-FC6A-4DE2-B613-61644EE6681E}.Release|Any CPU.Build.0 = Release|Any CPU
	EndGlobalSection
	GlobalSection(SolutionProperties) = preSolution
		HideSolutionNode = FALSE
	EndGlobalSection
	GlobalSection(ExtensibilityGlobals) = postSolution
		SolutionGuid = {92044906-5DD9-41DE-9B82-488A648BAB7F}
	EndGlobalSection
EndGlobal
